
Microsoft Visual Studio Solution File, Format Version 12.00
# Visual Studio Version 16
VisualStudioVersion = 16.0.31829.152
MinimumVisualStudioVersion = 10.0.40219.1
Project("{FAE04EC0-301F-11D3-BF4B-00C04F79EFBC}") = "MCD_MSSQLCRUIDIslemleri", "MCD_MSSQLCRUIDIslemleri\MCD_MSSQLCRUIDIslemleri.csproj", "{BE32267B-C0D0-477C-B0F7-3F14B18816ED}"
EndProject
Global
	GlobalSection(SolutionConfigurationPlatforms) = preSolution
		Debug|Any CPU = Debug|Any CPU
		Release|Any CPU = Release|Any CPU
	EndGlobalSection
	GlobalSection(ProjectConfigurationPlatforms) = postSolution
		{BE32267B-C0D0-477C-B0F7-3F14B18816ED}.Debug|Any CPU.ActiveCfg = Debug|Any CPU
		{BE32267B-C0D0-477C-B0F7-3F14B18816ED}.Debug|Any CPU.Build.0 = Debug|Any CPU
		{BE32267B-C0D0-477C-B0F7-3F14B18816ED}.Release|Any CPU.ActiveCfg = Release|Any CPU
		{BE32267B-C0D0-477C-B0F7-3F14B18816ED}.Release|Any CPU.Build.0 = Release|Any CPU
	EndGlobalSection
	GlobalSection(SolutionProperties) = preSolution
		HideSolutionNode = FALSE
	EndGlobalSection
	GlobalSection(ExtensibilityGlobals) = postSolution
		SolutionGuid = {6F1C24A3-8179-4E56-AB1D-D94CF8916D6F}
	EndGlobalSection
EndGlobal
